
Microsoft Visual Studio Solution File, Format Version 12.00
# Visual Studio Version 16
VisualStudioVersion = 16.0.30204.135
MinimumVisualStudioVersion = 10.0.40219.1
Project("{9A19103F-16F7-4668-BE54-9A1E7A4F7556}") = "RoomMonitorWeb", "RoomMonitorWeb.csproj", "{22750D88-D105-4215-8AAD-1E4C89AEBC39}"
EndProject
Global
	GlobalSection(SolutionConfigurationPlatforms) = preSolution
		Debug|Any CPU = Debug|Any CPU
		Release|Any CPU = Release|Any CPU
	EndGlobalSection
	GlobalSection(ProjectConfigurationPlatforms) = postSolution
		{22750D88-D105-4215-8AAD-1E4C89AEBC39}.Debug|Any CPU.ActiveCfg = Debug|Any CPU
		{22750D88-D105-4215-8AAD-1E4C89AEBC39}.Debug|Any CPU.Build.0 = Debug|Any CPU
		{22750D88-D105-4215-8AAD-1E4C89AEBC39}.Release|Any CPU.ActiveCfg = Release|Any CPU
		{22750D88-D105-4215-8AAD-1E4C89AEBC39}.Release|Any CPU.Build.0 = Release|Any CPU
	EndGlobalSection
	GlobalSection(SolutionProperties) = preSolution
		HideSolutionNode = FALSE
	EndGlobalSection
	GlobalSection(ExtensibilityGlobals) = postSolution
		SolutionGuid = {0BA00D8F-11A9-4040-8F76-4DCF0398B28A}
	EndGlobalSection
EndGlobal
